
Microsoft Visual Studio Solution File, Format Version 12.00
# Visual Studio Version 16
VisualStudioVersion = 16.0.33423.256
MinimumVisualStudioVersion = 10.0.40219.1
Project("{FAE04EC0-301F-11D3-BF4B-00C04F79EFBC}") = "TP_Integrador", "TP_Integrador\TP_Integrador.csproj", "{6705177E-E4B6-476C-A4A5-4694EB0C49E6}"
EndProject
Global
	GlobalSection(SolutionConfigurationPlatforms) = preSolution
		Debug|Any CPU = Debug|Any CPU
		Release|Any CPU = Release|Any CPU
	EndGlobalSection
	GlobalSection(ProjectConfigurationPlatforms) = postSolution
		{6705177E-E4B6-476C-A4A5-4694EB0C49E6}.Debug|Any CPU.ActiveCfg = Debug|Any CPU
		{6705177E-E4B6-476C-A4A5-4694EB0C49E6}.Debug|Any CPU.Build.0 = Debug|Any CPU
		{6705177E-E4B6-476C-A4A5-4694EB0C49E6}.Release|Any CPU.ActiveCfg = Release|Any CPU
		{6705177E-E4B6-476C-A4A5-4694EB0C49E6}.Release|Any CPU.Build.0 = Release|Any CPU
	EndGlobalSection
	GlobalSection(SolutionProperties) = preSolution
		HideSolutionNode = FALSE
	EndGlobalSection
	GlobalSection(ExtensibilityGlobals) = postSolution
		SolutionGuid = {4EB5FFB0-81AD-4D36-B08A-E918C8F81420}
	EndGlobalSection
EndGlobal
